
Microsoft Visual Studio Solution File, Format Version 12.00
Project("{FAE04EC0-301F-11D3-BF4B-00C04F79EFBC}") = "Meetup", "meetup\Meetup.csproj", "{8A64DCE8-A89D-44D0-A31C-0F6C74E467A9}"
EndProject
Project("{FAE04EC0-301F-11D3-BF4B-00C04F79EFBC}") = "HyperOptimizedTelemetry", "hyper-optimized-telemetry\HyperOptimizedTelemetry.csproj", "{96C8FBE4-AD1C-4E41-8639-C1B28E3A9050}"
EndProject
Global
	GlobalSection(SolutionConfigurationPlatforms) = preSolution
		Debug|Any CPU = Debug|Any CPU
		Release|Any CPU = Release|Any CPU
	EndGlobalSection
	GlobalSection(ProjectConfigurationPlatforms) = postSolution
		{8A64DCE8-A89D-44D0-A31C-0F6C74E467A9}.Debug|Any CPU.ActiveCfg = Debug|Any CPU
		{8A64DCE8-A89D-44D0-A31C-0F6C74E467A9}.Debug|Any CPU.Build.0 = Debug|Any CPU
		{8A64DCE8-A89D-44D0-A31C-0F6C74E467A9}.Release|Any CPU.ActiveCfg = Release|Any CPU
		{8A64DCE8-A89D-44D0-A31C-0F6C74E467A9}.Release|Any CPU.Build.0 = Release|Any CPU
		{96C8FBE4-AD1C-4E41-8639-C1B28E3A9050}.Debug|Any CPU.ActiveCfg = Debug|Any CPU
		{96C8FBE4-AD1C-4E41-8639-C1B28E3A9050}.Debug|Any CPU.Build.0 = Debug|Any CPU
		{96C8FBE4-AD1C-4E41-8639-C1B28E3A9050}.Release|Any CPU.ActiveCfg = Release|Any CPU
		{96C8FBE4-AD1C-4E41-8639-C1B28E3A9050}.Release|Any CPU.Build.0 = Release|Any CPU
	EndGlobalSection
EndGlobal
