
Microsoft Visual Studio Solution File, Format Version 12.00
Project("{FAE04EC0-301F-11D3-BF4B-00C04F79EFBC}") = "FootballMatchReports", "football-match-reports\FootballMatchReports.csproj", "{0963475E-964B-48E6-BEA9-23BBB2E66EEE}"
EndProject
Global
	GlobalSection(SolutionConfigurationPlatforms) = preSolution
		Debug|Any CPU = Debug|Any CPU
		Release|Any CPU = Release|Any CPU
	EndGlobalSection
	GlobalSection(ProjectConfigurationPlatforms) = postSolution
		{0963475E-964B-48E6-BEA9-23BBB2E66EEE}.Debug|Any CPU.ActiveCfg = Debug|Any CPU
		{0963475E-964B-48E6-BEA9-23BBB2E66EEE}.Debug|Any CPU.Build.0 = Debug|Any CPU
		{0963475E-964B-48E6-BEA9-23BBB2E66EEE}.Release|Any CPU.ActiveCfg = Release|Any CPU
		{0963475E-964B-48E6-BEA9-23BBB2E66EEE}.Release|Any CPU.Build.0 = Release|Any CPU
	EndGlobalSection
EndGlobal
