
Microsoft Visual Studio Solution File, Format Version 12.00
Project("{FAE04EC0-301F-11D3-BF4B-00C04F79EFBC}") = "TracksOnTracksOnTracks", "tracks-on-tracks-on-tracks\TracksOnTracksOnTracks.csproj", "{4DA928FB-F5D4-4B17-872C-B96740F198AA}"
EndProject
Global
	GlobalSection(SolutionConfigurationPlatforms) = preSolution
		Debug|Any CPU = Debug|Any CPU
		Release|Any CPU = Release|Any CPU
	EndGlobalSection
	GlobalSection(ProjectConfigurationPlatforms) = postSolution
		{4DA928FB-F5D4-4B17-872C-B96740F198AA}.Debug|Any CPU.ActiveCfg = Debug|Any CPU
		{4DA928FB-F5D4-4B17-872C-B96740F198AA}.Debug|Any CPU.Build.0 = Debug|Any CPU
		{4DA928FB-F5D4-4B17-872C-B96740F198AA}.Release|Any CPU.ActiveCfg = Release|Any CPU
		{4DA928FB-F5D4-4B17-872C-B96740F198AA}.Release|Any CPU.Build.0 = Release|Any CPU
	EndGlobalSection
EndGlobal
